// !$*UTF8*$!
{
	archiveVersion = 1;
	classes = {
	};
	objectVersion = 56;
	objects = {

/* Begin PBXBuildFile section */
		3803EC952AF5AA620001C1EC /* CircleValueView.swift in Sources */ = {isa = PBXBuildFile; fileRef = 3803EC942AF5AA620001C1EC /* CircleValueView.swift */; };
		3804C6732B1542C70059CD0C /* Fetcher.swift in Sources */ = {isa = PBXBuildFile; fileRef = 3804C6722B1542C70059CD0C /* Fetcher.swift */; };
		380539AC2AFA5B4E0035A75F /* FaveButton.swift in Sources */ = {isa = PBXBuildFile; fileRef = 380539AB2AFA5B4E0035A75F /* FaveButton.swift */; };
		380539AE2AFA5F4B0035A75F /* FaveIcon.swift in Sources */ = {isa = PBXBuildFile; fileRef = 380539AD2AFA5F4B0035A75F /* FaveIcon.swift */; };
		380539B22AFA6BA00035A75F /* Constraints.swift in Sources */ = {isa = PBXBuildFile; fileRef = 380539B12AFA6BA00035A75F /* Constraints.swift */; };
		380539B42AFA7D5B0035A75F /* Easing.swift in Sources */ = {isa = PBXBuildFile; fileRef = 380539B32AFA7D5B0035A75F /* Easing.swift */; };
		380539B62AFACE460035A75F /* Ring.swift in Sources */ = {isa = PBXBuildFile; fileRef = 380539B52AFACE460035A75F /* Ring.swift */; };
		380539B82AFAD1FD0035A75F /* Spark.swift in Sources */ = {isa = PBXBuildFile; fileRef = 380539B72AFAD1FD0035A75F /* Spark.swift */; };
		38306E0A2B08F5A4003DB8CD /* APIEndpoint.swift in Sources */ = {isa = PBXBuildFile; fileRef = 38306E092B08F5A4003DB8CD /* APIEndpoint.swift */; };
		38306E0E2B08F9F8003DB8CD /* HTTPMethod.swift in Sources */ = {isa = PBXBuildFile; fileRef = 38306E0D2B08F9F8003DB8CD /* HTTPMethod.swift */; };
		38306E102B08FC4B003DB8CD /* Environment.swift in Sources */ = {isa = PBXBuildFile; fileRef = 38306E0F2B08FC4B003DB8CD /* Environment.swift */; };
		38316C382AF44B31007E77F1 /* HeroFetcher.swift in Sources */ = {isa = PBXBuildFile; fileRef = 38316C372AF44B31007E77F1 /* HeroFetcher.swift */; };
		385AF7342AFC264200523B11 /* BaseViewController.swift in Sources */ = {isa = PBXBuildFile; fileRef = 385AF7332AFC264200523B11 /* BaseViewController.swift */; };
		3884CAB22AF97FDE00C06AFD /* ImageFetcher.swift in Sources */ = {isa = PBXBuildFile; fileRef = 3884CAB12AF97FDE00C06AFD /* ImageFetcher.swift */; };
		3884CAB42AF9814A00C06AFD /* HeroesDataManager.swift in Sources */ = {isa = PBXBuildFile; fileRef = 3884CAB32AF9814A00C06AFD /* HeroesDataManager.swift */; };
		388DD70F2B113FED00BC0D8A /* ImageCache.swift in Sources */ = {isa = PBXBuildFile; fileRef = 388DD70E2B113FED00BC0D8A /* ImageCache.swift */; };
		388DD7112B11427700BC0D8A /* Dota2Hero+Error.swift in Sources */ = {isa = PBXBuildFile; fileRef = 388DD7102B11427700BC0D8A /* Dota2Hero+Error.swift */; };
		38907BD02B138BEB0093D9AC /* HeroesUdapter.swift in Sources */ = {isa = PBXBuildFile; fileRef = 38907BCF2B138BEB0093D9AC /* HeroesUdapter.swift */; };
		38AA23022AF6FABB008A2D68 /* Extensions.swift in Sources */ = {isa = PBXBuildFile; fileRef = 38AA23012AF6FABB008A2D68 /* Extensions.swift */; };
		38EF840A2AF2E99900D0F5D1 /* AppDelegate.swift in Sources */ = {isa = PBXBuildFile; fileRef = 38EF84092AF2E99900D0F5D1 /* AppDelegate.swift */; };
		38EF840C2AF2E99900D0F5D1 /* SceneDelegate.swift in Sources */ = {isa = PBXBuildFile; fileRef = 38EF840B2AF2E99900D0F5D1 /* SceneDelegate.swift */; };
		38EF84132AF2E99B00D0F5D1 /* Assets.xcassets in Resources */ = {isa = PBXBuildFile; fileRef = 38EF84122AF2E99B00D0F5D1 /* Assets.xcassets */; };
		38EF84162AF2E99B00D0F5D1 /* LaunchScreen.storyboard in Resources */ = {isa = PBXBuildFile; fileRef = 38EF84142AF2E99B00D0F5D1 /* LaunchScreen.storyboard */; };
		38EF84202AF2EA6000D0F5D1 /* MainTabBarViewController.swift in Sources */ = {isa = PBXBuildFile; fileRef = 38EF841F2AF2EA6000D0F5D1 /* MainTabBarViewController.swift */; };
		38EF84222AF2EE7D00D0F5D1 /* HomeViewController.swift in Sources */ = {isa = PBXBuildFile; fileRef = 38EF84212AF2EE7D00D0F5D1 /* HomeViewController.swift */; };
		38EF84242AF2EEB100D0F5D1 /* LikedHeroesViewController.swift in Sources */ = {isa = PBXBuildFile; fileRef = 38EF84232AF2EEB100D0F5D1 /* LikedHeroesViewController.swift */; };
		38EF84262AF307E700D0F5D1 /* Dota2HeroTableViewCell.swift in Sources */ = {isa = PBXBuildFile; fileRef = 38EF84252AF307E700D0F5D1 /* Dota2HeroTableViewCell.swift */; };
		38EF84282AF30A1500D0F5D1 /* Dota2HeroModel.swift in Sources */ = {isa = PBXBuildFile; fileRef = 38EF84272AF30A1500D0F5D1 /* Dota2HeroModel.swift */; };
		38F8003D2AFD04B500820623 /* HeroDetailsViewController.swift in Sources */ = {isa = PBXBuildFile; fileRef = 38F8003C2AFD04B500820623 /* HeroDetailsViewController.swift */; };
		38F8003F2AFD171B00820623 /* LabelFactory.swift in Sources */ = {isa = PBXBuildFile; fileRef = 38F8003E2AFD171B00820623 /* LabelFactory.swift */; };
/* End PBXBuildFile section */

/* Begin PBXFileReference section */
		3803EC942AF5AA620001C1EC /* CircleValueView.swift */ = {isa = PBXFileReference; lastKnownFileType = sourcecode.swift; path = CircleValueView.swift; sourceTree = "<group>"; };
		3804C6722B1542C70059CD0C /* Fetcher.swift */ = {isa = PBXFileReference; lastKnownFileType = sourcecode.swift; path = Fetcher.swift; sourceTree = "<group>"; };
		380539AB2AFA5B4E0035A75F /* FaveButton.swift */ = {isa = PBXFileReference; lastKnownFileType = sourcecode.swift; path = FaveButton.swift; sourceTree = "<group>"; };
		380539AD2AFA5F4B0035A75F /* FaveIcon.swift */ = {isa = PBXFileReference; lastKnownFileType = sourcecode.swift; path = FaveIcon.swift; sourceTree = "<group>"; };
		380539B12AFA6BA00035A75F /* Constraints.swift */ = {isa = PBXFileReference; lastKnownFileType = sourcecode.swift; path = Constraints.swift; sourceTree = "<group>"; };
		380539B32AFA7D5B0035A75F /* Easing.swift */ = {isa = PBXFileReference; lastKnownFileType = sourcecode.swift; path = Easing.swift; sourceTree = "<group>"; };
		380539B52AFACE460035A75F /* Ring.swift */ = {isa = PBXFileReference; lastKnownFileType = sourcecode.swift; path = Ring.swift; sourceTree = "<group>"; };
		380539B72AFAD1FD0035A75F /* Spark.swift */ = {isa = PBXFileReference; lastKnownFileType = sourcecode.swift; path = Spark.swift; sourceTree = "<group>"; };
		38306E092B08F5A4003DB8CD /* APIEndpoint.swift */ = {isa = PBXFileReference; lastKnownFileType = sourcecode.swift; path = APIEndpoint.swift; sourceTree = "<group>"; };
		38306E0D2B08F9F8003DB8CD /* HTTPMethod.swift */ = {isa = PBXFileReference; lastKnownFileType = sourcecode.swift; path = HTTPMethod.swift; sourceTree = "<group>"; };
		38306E0F2B08FC4B003DB8CD /* Environment.swift */ = {isa = PBXFileReference; lastKnownFileType = sourcecode.swift; path = Environment.swift; sourceTree = "<group>"; };
		38316C372AF44B31007E77F1 /* HeroFetcher.swift */ = {isa = PBXFileReference; lastKnownFileType = sourcecode.swift; path = HeroFetcher.swift; sourceTree = "<group>"; };
		385AF7332AFC264200523B11 /* BaseViewController.swift */ = {isa = PBXFileReference; lastKnownFileType = sourcecode.swift; path = BaseViewController.swift; sourceTree = "<group>"; };
		3884CAB12AF97FDE00C06AFD /* ImageFetcher.swift */ = {isa = PBXFileReference; lastKnownFileType = sourcecode.swift; path = ImageFetcher.swift; sourceTree = "<group>"; };
		3884CAB32AF9814A00C06AFD /* HeroesDataManager.swift */ = {isa = PBXFileReference; lastKnownFileType = sourcecode.swift; path = HeroesDataManager.swift; sourceTree = "<group>"; };
		388DD70E2B113FED00BC0D8A /* ImageCache.swift */ = {isa = PBXFileReference; lastKnownFileType = sourcecode.swift; path = ImageCache.swift; sourceTree = "<group>"; };
		388DD7102B11427700BC0D8A /* Dota2Hero+Error.swift */ = {isa = PBXFileReference; lastKnownFileType = sourcecode.swift; path = "Dota2Hero+Error.swift"; sourceTree = "<group>"; };
		38907BCF2B138BEB0093D9AC /* HeroesUdapter.swift */ = {isa = PBXFileReference; lastKnownFileType = sourcecode.swift; path = HeroesUdapter.swift; sourceTree = "<group>"; };
		38AA23012AF6FABB008A2D68 /* Extensions.swift */ = {isa = PBXFileReference; lastKnownFileType = sourcecode.swift; path = Extensions.swift; sourceTree = "<group>"; };
		38EF84062AF2E99900D0F5D1 /* Dota2Hero.app */ = {isa = PBXFileReference; explicitFileType = wrapper.application; includeInIndex = 0; path = Dota2Hero.app; sourceTree = BUILT_PRODUCTS_DIR; };
		38EF84092AF2E99900D0F5D1 /* AppDelegate.swift */ = {isa = PBXFileReference; lastKnownFileType = sourcecode.swift; path = AppDelegate.swift; sourceTree = "<group>"; };
		38EF840B2AF2E99900D0F5D1 /* SceneDelegate.swift */ = {isa = PBXFileReference; lastKnownFileType = sourcecode.swift; path = SceneDelegate.swift; sourceTree = "<group>"; };
		38EF84122AF2E99B00D0F5D1 /* Assets.xcassets */ = {isa = PBXFileReference; lastKnownFileType = folder.assetcatalog; path = Assets.xcassets; sourceTree = "<group>"; };
		38EF84152AF2E99B00D0F5D1 /* Base */ = {isa = PBXFileReference; lastKnownFileType = file.storyboard; name = Base; path = Base.lproj/LaunchScreen.storyboard; sourceTree = "<group>"; };
		38EF84172AF2E99B00D0F5D1 /* Info.plist */ = {isa = PBXFileReference; lastKnownFileType = text.plist.xml; path = Info.plist; sourceTree = "<group>"; };
		38EF841F2AF2EA6000D0F5D1 /* MainTabBarViewController.swift */ = {isa = PBXFileReference; lastKnownFileType = sourcecode.swift; path = MainTabBarViewController.swift; sourceTree = "<group>"; };
		38EF84212AF2EE7D00D0F5D1 /* HomeViewController.swift */ = {isa = PBXFileReference; lastKnownFileType = sourcecode.swift; path = HomeViewController.swift; sourceTree = "<group>"; };
		38EF84232AF2EEB100D0F5D1 /* LikedHeroesViewController.swift */ = {isa = PBXFileReference; lastKnownFileType = sourcecode.swift; path = LikedHeroesViewController.swift; sourceTree = "<group>"; };
		38EF84252AF307E700D0F5D1 /* Dota2HeroTableViewCell.swift */ = {isa = PBXFileReference; lastKnownFileType = sourcecode.swift; path = Dota2HeroTableViewCell.swift; sourceTree = "<group>"; };
		38EF84272AF30A1500D0F5D1 /* Dota2HeroModel.swift */ = {isa = PBXFileReference; lastKnownFileType = sourcecode.swift; path = Dota2HeroModel.swift; sourceTree = "<group>"; };
		38F8003C2AFD04B500820623 /* HeroDetailsViewController.swift */ = {isa = PBXFileReference; lastKnownFileType = sourcecode.swift; path = HeroDetailsViewController.swift; sourceTree = "<group>"; };
		38F8003E2AFD171B00820623 /* LabelFactory.swift */ = {isa = PBXFileReference; lastKnownFileType = sourcecode.swift; path = LabelFactory.swift; sourceTree = "<group>"; };
/* End PBXFileReference section */

/* Begin PBXFrameworksBuildPhase section */
		38EF84032AF2E99900D0F5D1 /* Frameworks */ = {
			isa = PBXFrameworksBuildPhase;
			buildActionMask = 2147483647;
			files = (
			);
			runOnlyForDeploymentPostprocessing = 0;
		};
/* End PBXFrameworksBuildPhase section */

/* Begin PBXGroup section */
		38316C332AF438C9007E77F1 /* Controllers */ = {
			isa = PBXGroup;
			children = (
				38EF84232AF2EEB100D0F5D1 /* LikedHeroesViewController.swift */,
				38EF84212AF2EE7D00D0F5D1 /* HomeViewController.swift */,
				38EF841F2AF2EA6000D0F5D1 /* MainTabBarViewController.swift */,
				385AF7332AFC264200523B11 /* BaseViewController.swift */,
				38F8003C2AFD04B500820623 /* HeroDetailsViewController.swift */,
			);
			path = Controllers;
			sourceTree = "<group>";
		};
		38316C342AF438FE007E77F1 /* Model */ = {
			isa = PBXGroup;
			children = (
				388DD7102B11427700BC0D8A /* Dota2Hero+Error.swift */,
				38EF84272AF30A1500D0F5D1 /* Dota2HeroModel.swift */,
			);
			path = Model;
			sourceTree = "<group>";
		};
		38316C352AF4390D007E77F1 /* Views */ = {
			isa = PBXGroup;
			children = (
				38EF84252AF307E700D0F5D1 /* Dota2HeroTableViewCell.swift */,
				3803EC942AF5AA620001C1EC /* CircleValueView.swift */,
				380539AB2AFA5B4E0035A75F /* FaveButton.swift */,
				380539B52AFACE460035A75F /* Ring.swift */,
				380539B72AFAD1FD0035A75F /* Spark.swift */,
				380539AD2AFA5F4B0035A75F /* FaveIcon.swift */,
			);
			path = Views;
			sourceTree = "<group>";
		};
		38316C362AF44B11007E77F1 /* API */ = {
			isa = PBXGroup;
			children = (
				3884CAB12AF97FDE00C06AFD /* ImageFetcher.swift */,
				38316C372AF44B31007E77F1 /* HeroFetcher.swift */,
				38306E092B08F5A4003DB8CD /* APIEndpoint.swift */,
				38306E0D2B08F9F8003DB8CD /* HTTPMethod.swift */,
				3804C6722B1542C70059CD0C /* Fetcher.swift */,
			);
			path = API;
			sourceTree = "<group>";
		};
		383F2ACC2B1787A5003105FA /* Service */ = {
			isa = PBXGroup;
			children = (
				388DD70E2B113FED00BC0D8A /* ImageCache.swift */,
				3884CAB32AF9814A00C06AFD /* HeroesDataManager.swift */,
				38907BCF2B138BEB0093D9AC /* HeroesUdapter.swift */,
				38316C362AF44B11007E77F1 /* API */,
			);
			path = Service;
			sourceTree = "<group>";
		};
		3884CAB02AF97F9F00C06AFD /* Supporting */ = {
			isa = PBXGroup;
			children = (
				38AA23012AF6FABB008A2D68 /* Extensions.swift */,
				380539B12AFA6BA00035A75F /* Constraints.swift */,
				380539B32AFA7D5B0035A75F /* Easing.swift */,
				38F8003E2AFD171B00820623 /* LabelFactory.swift */,
				38306E0F2B08FC4B003DB8CD /* Environment.swift */,
			);
			path = Supporting;
			sourceTree = "<group>";
		};
		38EF83FD2AF2E99900D0F5D1 = {
			isa = PBXGroup;
			children = (
				38EF84082AF2E99900D0F5D1 /* Dota2Hero */,
				38EF84072AF2E99900D0F5D1 /* Products */,
			);
			sourceTree = "<group>";
		};
		38EF84072AF2E99900D0F5D1 /* Products */ = {
			isa = PBXGroup;
			children = (
				38EF84062AF2E99900D0F5D1 /* Dota2Hero.app */,
			);
			name = Products;
			sourceTree = "<group>";
		};
		38EF84082AF2E99900D0F5D1 /* Dota2Hero */ = {
			isa = PBXGroup;
			children = (
				383F2ACC2B1787A5003105FA /* Service */,
				3884CAB02AF97F9F00C06AFD /* Supporting */,
				38316C352AF4390D007E77F1 /* Views */,
				38316C342AF438FE007E77F1 /* Model */,
				38316C332AF438C9007E77F1 /* Controllers */,
				38EF84122AF2E99B00D0F5D1 /* Assets.xcassets */,
				38EF84142AF2E99B00D0F5D1 /* LaunchScreen.storyboard */,
				38EF84172AF2E99B00D0F5D1 /* Info.plist */,
				38EF84092AF2E99900D0F5D1 /* AppDelegate.swift */,
				38EF840B2AF2E99900D0F5D1 /* SceneDelegate.swift */,
			);
			path = Dota2Hero;
			sourceTree = "<group>";
		};
/* End PBXGroup section */

/* Begin PBXNativeTarget section */
		38EF84052AF2E99900D0F5D1 /* Dota2Hero */ = {
			isa = PBXNativeTarget;
			buildConfigurationList = 38EF841A2AF2E99B00D0F5D1 /* Build configuration list for PBXNativeTarget "Dota2Hero" */;
			buildPhases = (
				38EF84022AF2E99900D0F5D1 /* Sources */,
				38EF84032AF2E99900D0F5D1 /* Frameworks */,
				38EF84042AF2E99900D0F5D1 /* Resources */,
			);
			buildRules = (
			);
			dependencies = (
			);
			name = Dota2Hero;
			productName = Dota2Hero;
			productReference = 38EF84062AF2E99900D0F5D1 /* Dota2Hero.app */;
			productType = "com.apple.product-type.application";
		};
/* End PBXNativeTarget section */

/* Begin PBXProject section */
		38EF83FE2AF2E99900D0F5D1 /* Project object */ = {
			isa = PBXProject;
			attributes = {
				BuildIndependentTargetsInParallel = 1;
				LastSwiftUpdateCheck = 1500;
				LastUpgradeCheck = 1500;
				TargetAttributes = {
					38EF84052AF2E99900D0F5D1 = {
						CreatedOnToolsVersion = 15.0.1;
					};
				};
			};
			buildConfigurationList = 38EF84012AF2E99900D0F5D1 /* Build configuration list for PBXProject "Dota2Hero" */;
			compatibilityVersion = "Xcode 14.0";
			developmentRegion = en;
			hasScannedForEncodings = 0;
			knownRegions = (
				en,
				Base,
			);
			mainGroup = 38EF83FD2AF2E99900D0F5D1;
			productRefGroup = 38EF84072AF2E99900D0F5D1 /* Products */;
			projectDirPath = "";
			projectRoot = "";
			targets = (
				38EF84052AF2E99900D0F5D1 /* Dota2Hero */,
			);
		};
/* End PBXProject section */

/* Begin PBXResourcesBuildPhase section */
		38EF84042AF2E99900D0F5D1 /* Resources */ = {
			isa = PBXResourcesBuildPhase;
			buildActionMask = 2147483647;
			files = (
				38EF84162AF2E99B00D0F5D1 /* LaunchScreen.storyboard in Resources */,
				38EF84132AF2E99B00D0F5D1 /* Assets.xcassets in Resources */,
			);
			runOnlyForDeploymentPostprocessing = 0;
		};
/* End PBXResourcesBuildPhase section */

/* Begin PBXSourcesBuildPhase section */
		38EF84022AF2E99900D0F5D1 /* Sources */ = {
			isa = PBXSourcesBuildPhase;
			buildActionMask = 2147483647;
			files = (
				38EF84202AF2EA6000D0F5D1 /* MainTabBarViewController.swift in Sources */,
				38306E0A2B08F5A4003DB8CD /* APIEndpoint.swift in Sources */,
				380539AE2AFA5F4B0035A75F /* FaveIcon.swift in Sources */,
				38F8003D2AFD04B500820623 /* HeroDetailsViewController.swift in Sources */,
				38F8003F2AFD171B00820623 /* LabelFactory.swift in Sources */,
				38907BD02B138BEB0093D9AC /* HeroesUdapter.swift in Sources */,
				388DD70F2B113FED00BC0D8A /* ImageCache.swift in Sources */,
				38EF84242AF2EEB100D0F5D1 /* LikedHeroesViewController.swift in Sources */,
				38EF84262AF307E700D0F5D1 /* Dota2HeroTableViewCell.swift in Sources */,
				380539B22AFA6BA00035A75F /* Constraints.swift in Sources */,
				385AF7342AFC264200523B11 /* BaseViewController.swift in Sources */,
				38EF840A2AF2E99900D0F5D1 /* AppDelegate.swift in Sources */,
				3884CAB42AF9814A00C06AFD /* HeroesDataManager.swift in Sources */,
				380539B62AFACE460035A75F /* Ring.swift in Sources */,
				38AA23022AF6FABB008A2D68 /* Extensions.swift in Sources */,
				38EF84282AF30A1500D0F5D1 /* Dota2HeroModel.swift in Sources */,
				380539B42AFA7D5B0035A75F /* Easing.swift in Sources */,
				380539AC2AFA5B4E0035A75F /* FaveButton.swift in Sources */,
				380539B82AFAD1FD0035A75F /* Spark.swift in Sources */,
				38EF840C2AF2E99900D0F5D1 /* SceneDelegate.swift in Sources */,
				388DD7112B11427700BC0D8A /* Dota2Hero+Error.swift in Sources */,
				38306E102B08FC4B003DB8CD /* Environment.swift in Sources */,
				38EF84222AF2EE7D00D0F5D1 /* HomeViewController.swift in Sources */,
				38306E0E2B08F9F8003DB8CD /* HTTPMethod.swift in Sources */,
				3884CAB22AF97FDE00C06AFD /* ImageFetcher.swift in Sources */,
				3803EC952AF5AA620001C1EC /* CircleValueView.swift in Sources */,
				3804C6732B1542C70059CD0C /* Fetcher.swift in Sources */,
				38316C382AF44B31007E77F1 /* HeroFetcher.swift in Sources */,
			);
			runOnlyForDeploymentPostprocessing = 0;
		};
/* End PBXSourcesBuildPhase section */

/* Begin PBXVariantGroup section */
		38EF84142AF2E99B00D0F5D1 /* LaunchScreen.storyboard */ = {
			isa = PBXVariantGroup;
			children = (
				38EF84152AF2E99B00D0F5D1 /* Base */,
			);
			name = LaunchScreen.storyboard;
			sourceTree = "<group>";
		};
/* End PBXVariantGroup section */

/* Begin XCBuildConfiguration section */
		38EF84182AF2E99B00D0F5D1 /* Debug */ = {
			isa = XCBuildConfiguration;
			buildSettings = {
				ALWAYS_SEARCH_USER_PATHS = NO;
				ASSETCATALOG_COMPILER_GENERATE_SWIFT_ASSET_SYMBOL_EXTENSIONS = YES;
				CLANG_ANALYZER_NONNULL = YES;
				CLANG_ANALYZER_NUMBER_OBJECT_CONVERSION = YES_AGGRESSIVE;
				CLANG_CXX_LANGUAGE_STANDARD = "gnu++20";
				CLANG_ENABLE_MODULES = YES;
				CLANG_ENABLE_OBJC_ARC = YES;
				CLANG_ENABLE_OBJC_WEAK = YES;
				CLANG_WARN_BLOCK_CAPTURE_AUTORELEASING = YES;
				CLANG_WARN_BOOL_CONVERSION = YES;
				CLANG_WARN_COMMA = YES;
				CLANG_WARN_CONSTANT_CONVERSION = YES;
				CLANG_WARN_DEPRECATED_OBJC_IMPLEMENTATIONS = YES;
				CLANG_WARN_DIRECT_OBJC_ISA_USAGE = YES_ERROR;
				CLANG_WARN_DOCUMENTATION_COMMENTS = YES;
				CLANG_WARN_EMPTY_BODY = YES;
				CLANG_WARN_ENUM_CONVERSION = YES;
				CLANG_WARN_INFINITE_RECURSION = YES;
				CLANG_WARN_INT_CONVERSION = YES;
				CLANG_WARN_NON_LITERAL_NULL_CONVERSION = YES;
				CLANG_WARN_OBJC_IMPLICIT_RETAIN_SELF = YES;
				CLANG_WARN_OBJC_LITERAL_CONVERSION = YES;
				CLANG_WARN_OBJC_ROOT_CLASS = YES_ERROR;
				CLANG_WARN_QUOTED_INCLUDE_IN_FRAMEWORK_HEADER = YES;
				CLANG_WARN_RANGE_LOOP_ANALYSIS = YES;
				CLANG_WARN_STRICT_PROTOTYPES = YES;
				CLANG_WARN_SUSPICIOUS_MOVE = YES;
				CLANG_WARN_UNGUARDED_AVAILABILITY = YES_AGGRESSIVE;
				CLANG_WARN_UNREACHABLE_CODE = YES;
				CLANG_WARN__DUPLICATE_METHOD_MATCH = YES;
				COPY_PHASE_STRIP = NO;
				DEBUG_INFORMATION_FORMAT = dwarf;
				ENABLE_STRICT_OBJC_MSGSEND = YES;
				ENABLE_TESTABILITY = YES;
				ENABLE_USER_SCRIPT_SANDBOXING = YES;
				GCC_C_LANGUAGE_STANDARD = gnu17;
				GCC_DYNAMIC_NO_PIC = NO;
				GCC_NO_COMMON_BLOCKS = YES;
				GCC_OPTIMIZATION_LEVEL = 0;
				GCC_PREPROCESSOR_DEFINITIONS = (
					"DEBUG=1",
					"$(inherited)",
				);
				GCC_WARN_64_TO_32_BIT_CONVERSION = YES;
				GCC_WARN_ABOUT_RETURN_TYPE = YES_ERROR;
				GCC_WARN_UNDECLARED_SELECTOR = YES;
				GCC_WARN_UNINITIALIZED_AUTOS = YES_AGGRESSIVE;
				GCC_WARN_UNUSED_FUNCTION = YES;
				GCC_WARN_UNUSED_VARIABLE = YES;
				IPHONEOS_DEPLOYMENT_TARGET = 17.0;
				LOCALIZATION_PREFERS_STRING_CATALOGS = YES;
				MTL_ENABLE_DEBUG_INFO = INCLUDE_SOURCE;
				MTL_FAST_MATH = YES;
				ONLY_ACTIVE_ARCH = YES;
				SDKROOT = iphoneos;
				SWIFT_ACTIVE_COMPILATION_CONDITIONS = "DEBUG $(inherited)";
				SWIFT_OPTIMIZATION_LEVEL = "-Onone";
			};
			name = Debug;
		};
		38EF84192AF2E99B00D0F5D1 /* Release */ = {
			isa = XCBuildConfiguration;
			buildSettings = {
				ALWAYS_SEARCH_USER_PATHS = NO;
				ASSETCATALOG_COMPILER_GENERATE_SWIFT_ASSET_SYMBOL_EXTENSIONS = YES;
				CLANG_ANALYZER_NONNULL = YES;
				CLANG_ANALYZER_NUMBER_OBJECT_CONVERSION = YES_AGGRESSIVE;
				CLANG_CXX_LANGUAGE_STANDARD = "gnu++20";
				CLANG_ENABLE_MODULES = YES;
				CLANG_ENABLE_OBJC_ARC = YES;
				CLANG_ENABLE_OBJC_WEAK = YES;
				CLANG_WARN_BLOCK_CAPTURE_AUTORELEASING = YES;
				CLANG_WARN_BOOL_CONVERSION = YES;
				CLANG_WARN_COMMA = YES;
				CLANG_WARN_CONSTANT_CONVERSION = YES;
				CLANG_WARN_DEPRECATED_OBJC_IMPLEMENTATIONS = YES;
				CLANG_WARN_DIRECT_OBJC_ISA_USAGE = YES_ERROR;
				CLANG_WARN_DOCUMENTATION_COMMENTS = YES;
				CLANG_WARN_EMPTY_BODY = YES;
				CLANG_WARN_ENUM_CONVERSION = YES;
				CLANG_WARN_INFINITE_RECURSION = YES;
				CLANG_WARN_INT_CONVERSION = YES;
				CLANG_WARN_NON_LITERAL_NULL_CONVERSION = YES;
				CLANG_WARN_OBJC_IMPLICIT_RETAIN_SELF = YES;
				CLANG_WARN_OBJC_LITERAL_CONVERSION = YES;
				CLANG_WARN_OBJC_ROOT_CLASS = YES_ERROR;
				CLANG_WARN_QUOTED_INCLUDE_IN_FRAMEWORK_HEADER = YES;
				CLANG_WARN_RANGE_LOOP_ANALYSIS = YES;
				CLANG_WARN_STRICT_PROTOTYPES = YES;
				CLANG_WARN_SUSPICIOUS_MOVE = YES;
				CLANG_WARN_UNGUARDED_AVAILABILITY = YES_AGGRESSIVE;
				CLANG_WARN_UNREACHABLE_CODE = YES;
				CLANG_WARN__DUPLICATE_METHOD_MATCH = YES;
				COPY_PHASE_STRIP = NO;
				DEBUG_INFORMATION_FORMAT = "dwarf-with-dsym";
				ENABLE_NS_ASSERTIONS = NO;
				ENABLE_STRICT_OBJC_MSGSEND = YES;
				ENABLE_USER_SCRIPT_SANDBOXING = YES;
				GCC_C_LANGUAGE_STANDARD = gnu17;
				GCC_NO_COMMON_BLOCKS = YES;
				GCC_WARN_64_TO_32_BIT_CONVERSION = YES;
				GCC_WARN_ABOUT_RETURN_TYPE = YES_ERROR;
				GCC_WARN_UNDECLARED_SELECTOR = YES;
				GCC_WARN_UNINITIALIZED_AUTOS = YES_AGGRESSIVE;
				GCC_WARN_UNUSED_FUNCTION = YES;
				GCC_WARN_UNUSED_VARIABLE = YES;
				IPHONEOS_DEPLOYMENT_TARGET = 17.0;
				LOCALIZATION_PREFERS_STRING_CATALOGS = YES;
				MTL_ENABLE_DEBUG_INFO = NO;
				MTL_FAST_MATH = YES;
				SDKROOT = iphoneos;
				SWIFT_COMPILATION_MODE = wholemodule;
				VALIDATE_PRODUCT = YES;
			};
			name = Release;
		};
		38EF841B2AF2E99B00D0F5D1 /* Debug */ = {
			isa = XCBuildConfiguration;
			buildSettings = {
				ASSETCATALOG_COMPILER_APPICON_NAME = AppIcon;
				ASSETCATALOG_COMPILER_GLOBAL_ACCENT_COLOR_NAME = AccentColor;
				ASSETCATALOG_COMPILER_INCLUDE_ALL_APPICON_ASSETS = NO;
				CODE_SIGN_STYLE = Automatic;
				CURRENT_PROJECT_VERSION = 1;
				GENERATE_INFOPLIST_FILE = YES;
				INFOPLIST_FILE = Dota2Hero/Info.plist;
				INFOPLIST_KEY_UIApplicationSupportsIndirectInputEvents = YES;
				INFOPLIST_KEY_UILaunchStoryboardName = LaunchScreen;
				INFOPLIST_KEY_UISupportedInterfaceOrientations = UIInterfaceOrientationPortrait;
				LD_RUNPATH_SEARCH_PATHS = (
					"$(inherited)",
					"@executable_path/Frameworks",
				);
				MARKETING_VERSION = 1.0;
				PRODUCT_BUNDLE_IDENTIFIER = Vosik.Dota2Hero;
				PRODUCT_NAME = "$(TARGET_NAME)";
				SWIFT_EMIT_LOC_STRINGS = YES;
				SWIFT_VERSION = 5.0;
				TARGETED_DEVICE_FAMILY = "1,2";
			};
			name = Debug;
		};
		38EF841C2AF2E99B00D0F5D1 /* Release */ = {
			isa = XCBuildConfiguration;
			buildSettings = {
				ASSETCATALOG_COMPILER_APPICON_NAME = AppIcon;
				ASSETCATALOG_COMPILER_GLOBAL_ACCENT_COLOR_NAME = AccentColor;
				ASSETCATALOG_COMPILER_INCLUDE_ALL_APPICON_ASSETS = NO;
				CODE_SIGN_STYLE = Automatic;
				CURRENT_PROJECT_VERSION = 1;
				GENERATE_INFOPLIST_FILE = YES;
				INFOPLIST_FILE = Dota2Hero/Info.plist;
				INFOPLIST_KEY_UIApplicationSupportsIndirectInputEvents = YES;
				INFOPLIST_KEY_UILaunchStoryboardName = LaunchScreen;
				INFOPLIST_KEY_UISupportedInterfaceOrientations = UIInterfaceOrientationPortrait;
				LD_RUNPATH_SEARCH_PATHS = (
					"$(inherited)",
					"@executable_path/Frameworks",
				);
				MARKETING_VERSION = 1.0;
				PRODUCT_BUNDLE_IDENTIFIER = Vosik.Dota2Hero;
				PRODUCT_NAME = "$(TARGET_NAME)";
				SWIFT_EMIT_LOC_STRINGS = YES;
				SWIFT_VERSION = 5.0;
				TARGETED_DEVICE_FAMILY = "1,2";
			};
			name = Release;
		};
/* End XCBuildConfiguration section */

/* Begin XCConfigurationList section */
		38EF84012AF2E99900D0F5D1 /* Build configuration list for PBXProject "Dota2Hero" */ = {
			isa = XCConfigurationList;
			buildConfigurations = (
				38EF84182AF2E99B00D0F5D1 /* Debug */,
				38EF84192AF2E99B00D0F5D1 /* Release */,
			);
			defaultConfigurationIsVisible = 0;
			defaultConfigurationName = Release;
		};
		38EF841A2AF2E99B00D0F5D1 /* Build configuration list for PBXNativeTarget "Dota2Hero" */ = {
			isa = XCConfigurationList;
			buildConfigurations = (
				38EF841B2AF2E99B00D0F5D1 /* Debug */,
				38EF841C2AF2E99B00D0F5D1 /* Release */,
			);
			defaultConfigurationIsVisible = 0;
			defaultConfigurationName = Release;
		};
/* End XCConfigurationList section */
	};
	rootObject = 38EF83FE2AF2E99900D0F5D1 /* Project object */;
}
